{
  "nodes": {
    "humlSml": {
      "flake": false,
      "locked": {
        "lastModified": 1761592958,
        "narHash": "sha256-XdTcyNJ5SoOUL6Q0t+m9jS9yvtqNgMCYxH5jXvcpvII=",
        "owner": "Fred-Milhorn",
        "repo": "huml-sml",
        "rev": "a987edaef28893118dd85d03477198a917623fb9",
        "type": "github"
      },
      "original": {
        "owner": "Fred-Milhorn",
        "repo": "huml-sml",
        "type": "github"
      }
    },
    "nixpkgs": {
      "locked": {
        "lastModified": 1772173633,
        "narHash": "sha256-MOH58F4AIbCkh6qlQcwMycyk5SWvsqnS/TCfnqDlpj4=",
        "owner": "NixOS",
        "repo": "nixpkgs",
        "rev": "c0f3d81a7ddbc2b1332be0d8481a672b4f6004d6",
        "type": "github"
      },
      "original": {
        "owner": "NixOS",
        "ref": "nixpkgs-unstable",
        "repo": "nixpkgs",
        "type": "github"
      }
    },
    "oneTrueAwk": {
      "flake": false,
      "locked": {
        "lastModified": 1766688079,
        "narHash": "sha256-8QocZx6Diy3xLakZQxqmWdOywvhVYRjSndY5EiV+dng=",
        "owner": "onetrueawk",
        "repo": "awk",
        "rev": "61a7c75e225e3035390be32d635545e40d8c5faf",
        "type": "github"
      },
      "original": {
        "owner": "onetrueawk",
        "repo": "awk",
        "type": "github"
      }
    },
    "qcheck": {
      "flake": false,
      "locked": {
        "lastModified": 1595407786,
        "narHash": "sha256-LpWfooRPIunCIDK2dOqqcca7mA9u72kI8IJoFyYZVzc=",
        "owner": "league",
        "repo": "qcheck",
        "rev": "91cdd61a9ab75dfb6d92951eaa38372a94cddbaf",
        "type": "github"
      },
      "original": {
        "owner": "league",
        "repo": "qcheck",
        "type": "github"
      }
    },
    "root": {
      "inputs": {
        "humlSml": "humlSml",
        "nixpkgs": "nixpkgs",
        "oneTrueAwk": "oneTrueAwk",
        "qcheck": "qcheck"
      }
    }
  },
  "root": "root",
  "version": 7
}
